{
  "version": 4,
  "terraform_version": "1.1.7",
  "serial": 3,
  "lineage": "1217dc09-bab9-57a6-26e5-88b8ae649370",
  "outputs": {},
  "resources": [
    {
      "mode": "managed",
      "type": "aws_codepipeline",
      "name": "client_pipeline",
      "provider": "provider[\"registry.terraform.io/hashicorp/aws\"]",
      "instances": [
        {
          "schema_version": 0,
          "attributes": {
            "arn": "arn:aws:codepipeline:eu-west-1:141917287833:client-pipeline",
            "artifact_store": [
              {
                "encryption_key": [],
                "location": "codepipeline-eu-west-1-406900656095",
                "region": "",
                "type": "S3"
              }
            ],
            "id": "client-pipeline",
            "name": "client-pipeline",
            "role_arn": "arn:aws:iam::141917287833:role/service-role/AWSCodePipelineServiceRole-eu-west-1-client-pipeline",
            "stage": [
              {
                "action": [
                  {
                    "category": "Source",
                    "configuration": {
                      "BranchName": "devops-project",
                      "ConnectionArn": "arn:aws:codestar-connections:eu-west-1:141917287833:connection/ecc48ee8-d743-4721-a316-961c2be988f0",
                      "FullRepositoryId": "yobubu/react-shop",
                      "OutputArtifactFormat": "CODE_ZIP"
                    },
                    "input_artifacts": [],
                    "name": "Source",
                    "namespace": "SourceVariables",
                    "output_artifacts": [
                      "SourceArtifact"
                    ],
                    "owner": "AWS",
                    "provider": "CodeStarSourceConnection",
                    "region": "eu-west-1",
                    "role_arn": "",
                    "run_order": 1,
                    "version": "1"
                  }
                ],
                "name": "Source"
              },
              {
                "action": [
                  {
                    "category": "Build",
                    "configuration": {
                      "ProjectName": "build-client"
                    },
                    "input_artifacts": [
                      "SourceArtifact"
                    ],
                    "name": "Build",
                    "namespace": "BuildVariables",
                    "output_artifacts": [
                      "BuildArtifact"
                    ],
                    "owner": "AWS",
                    "provider": "CodeBuild",
                    "region": "eu-west-1",
                    "role_arn": "",
                    "run_order": 1,
                    "version": "1"
                  }
                ],
                "name": "Build"
              },
              {
                "action": [
                  {
                    "category": "Deploy",
                    "configuration": {
                      "BucketName": "react-shop-yobubu",
                      "Extract": "true"
                    },
                    "input_artifacts": [
                      "BuildArtifact"
                    ],
                    "name": "Deploy",
                    "namespace": "DeployVariables",
                    "output_artifacts": [],
                    "owner": "AWS",
                    "provider": "S3",
                    "region": "eu-west-1",
                    "role_arn": "",
                    "run_order": 1,
                    "version": "1"
                  }
                ],
                "name": "Deploy"
              }
            ],
            "tags": {},
            "tags_all": {}
          },
          "sensitive_attributes": [],
          "private": "eyJzY2hlbWFfdmVyc2lvbiI6IjAifQ=="
        }
      ]
    },
    {
      "mode": "managed",
      "type": "aws_s3_bucket",
      "name": "codepipeline_bucket",
      "provider": "provider[\"registry.terraform.io/hashicorp/aws\"]",
      "instances": [
        {
          "schema_version": 0,
          "attributes": {
            "acceleration_status": "",
            "acl": "private",
            "arn": "arn:aws:s3:::codepipeline-eu-west-1-406900656095",
            "bucket": "codepipeline-eu-west-1-406900656095",
            "bucket_domain_name": "codepipeline-eu-west-1-406900656095.s3.amazonaws.com",
            "bucket_prefix": null,
            "bucket_regional_domain_name": "codepipeline-eu-west-1-406900656095.s3.eu-west-1.amazonaws.com",
            "cors_rule": [],
            "force_destroy": null,
            "grant": [],
            "hosted_zone_id": "Z1BKCTXD74EZPE",
            "id": "codepipeline-eu-west-1-406900656095",
            "lifecycle_rule": [],
            "logging": [],
            "object_lock_configuration": [],
            "object_lock_enabled": false,
            "policy": "{\"Version\":\"2012-10-17\",\"Id\":\"SSEAndSSLPolicy\",\"Statement\":[{\"Sid\":\"DenyUnEncryptedObjectUploads\",\"Effect\":\"Deny\",\"Principal\":\"*\",\"Action\":\"s3:PutObject\",\"Resource\":\"arn:aws:s3:::codepipeline-eu-west-1-406900656095/*\",\"Condition\":{\"StringNotEquals\":{\"s3:x-amz-server-side-encryption\":\"aws:kms\"}}},{\"Sid\":\"DenyInsecureConnections\",\"Effect\":\"Deny\",\"Principal\":\"*\",\"Action\":\"s3:*\",\"Resource\":\"arn:aws:s3:::codepipeline-eu-west-1-406900656095/*\",\"Condition\":{\"Bool\":{\"aws:SecureTransport\":\"false\"}}}]}",
            "region": "eu-west-1",
            "replication_configuration": [],
            "request_payer": "BucketOwner",
            "server_side_encryption_configuration": [],
            "tags": {},
            "tags_all": {},
            "versioning": [
              {
                "enabled": false,
                "mfa_delete": false
              }
            ],
            "website": [],
            "website_domain": null,
            "website_endpoint": null
          },
          "sensitive_attributes": [],
          "private": "eyJzY2hlbWFfdmVyc2lvbiI6IjAifQ=="
        }
      ]
    },
    {
      "mode": "managed",
      "type": "aws_s3_bucket_acl",
      "name": "codepipeline_bucket_acl",
      "provider": "provider[\"registry.terraform.io/hashicorp/aws\"]",
      "instances": [
        {
          "schema_version": 0,
          "attributes": {
            "access_control_policy": [
              {
                "grant": [
                  {
                    "grantee": [
                      {
                        "display_name": "yobubu",
                        "email_address": "",
                        "id": "26dadfcb655be96cd7d9bd1324b637ffeb38cf809058b0eaf04bf25c5bafb04a",
                        "type": "CanonicalUser",
                        "uri": ""
                      }
                    ],
                    "permission": "FULL_CONTROL"
                  }
                ],
                "owner": [
                  {
                    "display_name": "yobubu",
                    "id": "26dadfcb655be96cd7d9bd1324b637ffeb38cf809058b0eaf04bf25c5bafb04a"
                  }
                ]
              }
            ],
            "acl": "",
            "bucket": "codepipeline-eu-west-1-406900656095",
            "expected_bucket_owner": "",
            "id": "codepipeline-eu-west-1-406900656095"
          },
          "sensitive_attributes": [],
          "private": "eyJzY2hlbWFfdmVyc2lvbiI6IjAifQ=="
        }
      ]
    }
  ]
}
